
Microsoft Visual Studio Solution File, Format Version 12.00
# Visual Studio Version 16
VisualStudioVersion = 16.0.32106.194
MinimumVisualStudioVersion = 10.0.40219.1
Project("{FAE04EC0-301F-11D3-BF4B-00C04F79EFBC}") = "academiaInteracao", "academiaInteracao\academiaInteracao.csproj", "{2E598698-3693-42D5-A3B1-285A6C85B7D4}"
EndProject
Global
	GlobalSection(SolutionConfigurationPlatforms) = preSolution
		Debug|Any CPU = Debug|Any CPU
		Release|Any CPU = Release|Any CPU
	EndGlobalSection
	GlobalSection(ProjectConfigurationPlatforms) = postSolution
		{2E598698-3693-42D5-A3B1-285A6C85B7D4}.Debug|Any CPU.ActiveCfg = Debug|Any CPU
		{2E598698-3693-42D5-A3B1-285A6C85B7D4}.Debug|Any CPU.Build.0 = Debug|Any CPU
		{2E598698-3693-42D5-A3B1-285A6C85B7D4}.Release|Any CPU.ActiveCfg = Release|Any CPU
		{2E598698-3693-42D5-A3B1-285A6C85B7D4}.Release|Any CPU.Build.0 = Release|Any CPU
	EndGlobalSection
	GlobalSection(SolutionProperties) = preSolution
		HideSolutionNode = FALSE
	EndGlobalSection
	GlobalSection(ExtensibilityGlobals) = postSolution
		SolutionGuid = {7555B3DF-9D5E-401E-9D77-92EF75154810}
	EndGlobalSection
EndGlobal
